
Microsoft Visual Studio Solution File, Format Version 12.00
# Visual Studio Version 17
VisualStudioVersion = 17.12.35527.113
MinimumVisualStudioVersion = 10.0.40219.1
Project("{FAE04EC0-301F-11D3-BF4B-00C04F79EFBC}") = "Lockdown.Panel", "Lockdown.Panel\Lockdown.Panel.csproj", "{8E67822B-FB4D-4333-A613-D23DCAEF33B7}"
EndProject
Project("{FAE04EC0-301F-11D3-BF4B-00C04F79EFBC}") = "Lockdown.Service", "Lockdown.Service\Lockdown.Service.csproj", "{C49D2B29-07AA-42DD-B124-DFC9556F37AE}"
EndProject
Global
	GlobalSection(SolutionConfigurationPlatforms) = preSolution
		Debug|ARM64 = Debug|ARM64
		Debug|x64 = Debug|x64
		Debug|x86 = Debug|x86
		Release|ARM64 = Release|ARM64
		Release|x64 = Release|x64
		Release|x86 = Release|x86
	EndGlobalSection
	GlobalSection(ProjectConfigurationPlatforms) = postSolution
		{8E67822B-FB4D-4333-A613-D23DCAEF33B7}.Debug|ARM64.ActiveCfg = Debug|ARM64
		{8E67822B-FB4D-4333-A613-D23DCAEF33B7}.Debug|ARM64.Build.0 = Debug|ARM64
		{8E67822B-FB4D-4333-A613-D23DCAEF33B7}.Debug|ARM64.Deploy.0 = Debug|ARM64
		{8E67822B-FB4D-4333-A613-D23DCAEF33B7}.Debug|x64.ActiveCfg = Debug|x64
		{8E67822B-FB4D-4333-A613-D23DCAEF33B7}.Debug|x64.Build.0 = Debug|x64
		{8E67822B-FB4D-4333-A613-D23DCAEF33B7}.Debug|x64.Deploy.0 = Debug|x64
		{8E67822B-FB4D-4333-A613-D23DCAEF33B7}.Debug|x86.ActiveCfg = Debug|x86
		{8E67822B-FB4D-4333-A613-D23DCAEF33B7}.Debug|x86.Build.0 = Debug|x86
		{8E67822B-FB4D-4333-A613-D23DCAEF33B7}.Debug|x86.Deploy.0 = Debug|x86
		{8E67822B-FB4D-4333-A613-D23DCAEF33B7}.Release|ARM64.ActiveCfg = Release|ARM64
		{8E67822B-FB4D-4333-A613-D23DCAEF33B7}.Release|ARM64.Build.0 = Release|ARM64
		{8E67822B-FB4D-4333-A613-D23DCAEF33B7}.Release|ARM64.Deploy.0 = Release|ARM64
		{8E67822B-FB4D-4333-A613-D23DCAEF33B7}.Release|x64.ActiveCfg = Release|x64
		{8E67822B-FB4D-4333-A613-D23DCAEF33B7}.Release|x64.Build.0 = Release|x64
		{8E67822B-FB4D-4333-A613-D23DCAEF33B7}.Release|x64.Deploy.0 = Release|x64
		{8E67822B-FB4D-4333-A613-D23DCAEF33B7}.Release|x86.ActiveCfg = Release|x86
		{8E67822B-FB4D-4333-A613-D23DCAEF33B7}.Release|x86.Build.0 = Release|x86
		{8E67822B-FB4D-4333-A613-D23DCAEF33B7}.Release|x86.Deploy.0 = Release|x86
		{C49D2B29-07AA-42DD-B124-DFC9556F37AE}.Debug|ARM64.ActiveCfg = Debug|Any CPU
		{C49D2B29-07AA-42DD-B124-DFC9556F37AE}.Debug|ARM64.Build.0 = Debug|Any CPU
		{C49D2B29-07AA-42DD-B124-DFC9556F37AE}.Debug|x64.ActiveCfg = Debug|Any CPU
		{C49D2B29-07AA-42DD-B124-DFC9556F37AE}.Debug|x64.Build.0 = Debug|Any CPU
		{C49D2B29-07AA-42DD-B124-DFC9556F37AE}.Debug|x86.ActiveCfg = Debug|Any CPU
		{C49D2B29-07AA-42DD-B124-DFC9556F37AE}.Debug|x86.Build.0 = Debug|Any CPU
		{C49D2B29-07AA-42DD-B124-DFC9556F37AE}.Release|ARM64.ActiveCfg = Release|Any CPU
		{C49D2B29-07AA-42DD-B124-DFC9556F37AE}.Release|ARM64.Build.0 = Release|Any CPU
		{C49D2B29-07AA-42DD-B124-DFC9556F37AE}.Release|x64.ActiveCfg = Release|Any CPU
		{C49D2B29-07AA-42DD-B124-DFC9556F37AE}.Release|x64.Build.0 = Release|Any CPU
		{C49D2B29-07AA-42DD-B124-DFC9556F37AE}.Release|x86.ActiveCfg = Release|Any CPU
		{C49D2B29-07AA-42DD-B124-DFC9556F37AE}.Release|x86.Build.0 = Release|Any CPU
	EndGlobalSection
	GlobalSection(SolutionProperties) = preSolution
		HideSolutionNode = FALSE
	EndGlobalSection
EndGlobal
